
Microsoft Visual Studio Solution File, Format Version 12.00
# Visual Studio Version 17
VisualStudioVersion = 17.8.34408.163
MinimumVisualStudioVersion = 10.0.40219.1
Project("{FAE04EC0-301F-11D3-BF4B-00C04F79EFBC}") = "WebApplication1", "WebApplication1.csproj", "{578FC4F2-E5A1-41E7-8225-374FA3724A6B}"
EndProject
Global
	GlobalSection(SolutionConfigurationPlatforms) = preSolution
		Debug|Any CPU = Debug|Any CPU
		Release|Any CPU = Release|Any CPU
	EndGlobalSection
	GlobalSection(ProjectConfigurationPlatforms) = postSolution
		{578FC4F2-E5A1-41E7-8225-374FA3724A6B}.Debug|Any CPU.ActiveCfg = Debug|Any CPU
		{578FC4F2-E5A1-41E7-8225-374FA3724A6B}.Debug|Any CPU.Build.0 = Debug|Any CPU
		{578FC4F2-E5A1-41E7-8225-374FA3724A6B}.Release|Any CPU.ActiveCfg = Release|Any CPU
		{578FC4F2-E5A1-41E7-8225-374FA3724A6B}.Release|Any CPU.Build.0 = Release|Any CPU
	EndGlobalSection
	GlobalSection(SolutionProperties) = preSolution
		HideSolutionNode = FALSE
	EndGlobalSection
	GlobalSection(ExtensibilityGlobals) = postSolution
		SolutionGuid = {2C852662-5D5B-4361-BEE5-6F19D3633190}
	EndGlobalSection
EndGlobal
